
Microsoft Visual Studio Solution File, Format Version 12.00
# Visual Studio Version 16
VisualStudioVersion = 16.0.32802.440
MinimumVisualStudioVersion = 10.0.40219.1
Project("{FAE04EC0-301F-11D3-BF4B-00C04F79EFBC}") = "consoleAppAssignment", "consoleAppAssignment\consoleAppAssignment.csproj", "{6CC4D157-C246-43D2-9B81-0BF5D83D0F44}"
EndProject
Global
	GlobalSection(SolutionConfigurationPlatforms) = preSolution
		Debug|Any CPU = Debug|Any CPU
		Release|Any CPU = Release|Any CPU
	EndGlobalSection
	GlobalSection(ProjectConfigurationPlatforms) = postSolution
		{6CC4D157-C246-43D2-9B81-0BF5D83D0F44}.Debug|Any CPU.ActiveCfg = Debug|Any CPU
		{6CC4D157-C246-43D2-9B81-0BF5D83D0F44}.Debug|Any CPU.Build.0 = Debug|Any CPU
		{6CC4D157-C246-43D2-9B81-0BF5D83D0F44}.Release|Any CPU.ActiveCfg = Release|Any CPU
		{6CC4D157-C246-43D2-9B81-0BF5D83D0F44}.Release|Any CPU.Build.0 = Release|Any CPU
	EndGlobalSection
	GlobalSection(SolutionProperties) = preSolution
		HideSolutionNode = FALSE
	EndGlobalSection
	GlobalSection(ExtensibilityGlobals) = postSolution
		SolutionGuid = {35B3B6C0-9228-4AAE-8D79-80E0C104DD92}
	EndGlobalSection
EndGlobal
