
Microsoft Visual Studio Solution File, Format Version 12.00
# Visual Studio Version 16
VisualStudioVersion = 16.0.32802.440
MinimumVisualStudioVersion = 10.0.40219.1
Project("{FAE04EC0-301F-11D3-BF4B-00C04F79EFBC}") = "ConsoleApp13", "ConsoleApp13\ConsoleApp13.csproj", "{49A0F7E5-789D-4DDE-9309-16E56B8A0357}"
EndProject
Global
	GlobalSection(SolutionConfigurationPlatforms) = preSolution
		Debug|Any CPU = Debug|Any CPU
		Release|Any CPU = Release|Any CPU
	EndGlobalSection
	GlobalSection(ProjectConfigurationPlatforms) = postSolution
		{49A0F7E5-789D-4DDE-9309-16E56B8A0357}.Debug|Any CPU.ActiveCfg = Debug|Any CPU
		{49A0F7E5-789D-4DDE-9309-16E56B8A0357}.Debug|Any CPU.Build.0 = Debug|Any CPU
		{49A0F7E5-789D-4DDE-9309-16E56B8A0357}.Release|Any CPU.ActiveCfg = Release|Any CPU
		{49A0F7E5-789D-4DDE-9309-16E56B8A0357}.Release|Any CPU.Build.0 = Release|Any CPU
	EndGlobalSection
	GlobalSection(SolutionProperties) = preSolution
		HideSolutionNode = FALSE
	EndGlobalSection
	GlobalSection(ExtensibilityGlobals) = postSolution
		SolutionGuid = {21C23B45-5E82-41FE-BC17-9F061D7381DB}
	EndGlobalSection
EndGlobal
