
Microsoft Visual Studio Solution File, Format Version 12.00
# Visual Studio Version 16
VisualStudioVersion = 16.0.32802.440
MinimumVisualStudioVersion = 10.0.40219.1
Project("{FAE04EC0-301F-11D3-BF4B-00C04F79EFBC}") = "consoleAppArraySubmission", "consoleAppArraySubmission\consoleAppArraySubmission.csproj", "{9BFD7F94-1E31-4C50-9804-FC86C03715F7}"
EndProject
Global
	GlobalSection(SolutionConfigurationPlatforms) = preSolution
		Debug|Any CPU = Debug|Any CPU
		Release|Any CPU = Release|Any CPU
	EndGlobalSection
	GlobalSection(ProjectConfigurationPlatforms) = postSolution
		{9BFD7F94-1E31-4C50-9804-FC86C03715F7}.Debug|Any CPU.ActiveCfg = Debug|Any CPU
		{9BFD7F94-1E31-4C50-9804-FC86C03715F7}.Debug|Any CPU.Build.0 = Debug|Any CPU
		{9BFD7F94-1E31-4C50-9804-FC86C03715F7}.Release|Any CPU.ActiveCfg = Release|Any CPU
		{9BFD7F94-1E31-4C50-9804-FC86C03715F7}.Release|Any CPU.Build.0 = Release|Any CPU
	EndGlobalSection
	GlobalSection(SolutionProperties) = preSolution
		HideSolutionNode = FALSE
	EndGlobalSection
	GlobalSection(ExtensibilityGlobals) = postSolution
		SolutionGuid = {519BFC92-4E29-49A0-9257-4908E6B86677}
	EndGlobalSection
EndGlobal
