
Microsoft Visual Studio Solution File, Format Version 12.00
# Visual Studio Version 17
VisualStudioVersion = 17.3.32929.385
MinimumVisualStudioVersion = 10.0.40219.1
Project("{FAE04EC0-301F-11D3-BF4B-00C04F79EFBC}") = "ChallengeSubmission", "ChallengeSubmission\ChallengeSubmission.csproj", "{720B086E-7833-402C-9599-5DB71D7E9911}"
EndProject
Global
	GlobalSection(SolutionConfigurationPlatforms) = preSolution
		Debug|Any CPU = Debug|Any CPU
		Release|Any CPU = Release|Any CPU
	EndGlobalSection
	GlobalSection(ProjectConfigurationPlatforms) = postSolution
		{720B086E-7833-402C-9599-5DB71D7E9911}.Debug|Any CPU.ActiveCfg = Debug|Any CPU
		{720B086E-7833-402C-9599-5DB71D7E9911}.Debug|Any CPU.Build.0 = Debug|Any CPU
		{720B086E-7833-402C-9599-5DB71D7E9911}.Release|Any CPU.ActiveCfg = Release|Any CPU
		{720B086E-7833-402C-9599-5DB71D7E9911}.Release|Any CPU.Build.0 = Release|Any CPU
	EndGlobalSection
	GlobalSection(SolutionProperties) = preSolution
		HideSolutionNode = FALSE
	EndGlobalSection
	GlobalSection(ExtensibilityGlobals) = postSolution
		SolutionGuid = {D5148C43-B235-4F02-BBAA-29BF7BA63BCA}
	EndGlobalSection
EndGlobal
