
Microsoft Visual Studio Solution File, Format Version 12.00
# Visual Studio Version 16
VisualStudioVersion = 16.0.32802.440
MinimumVisualStudioVersion = 10.0.40219.1
Project("{FAE04EC0-301F-11D3-BF4B-00C04F79EFBC}") = "carInsuranceProgram", "ConsoleApp1\carInsuranceProgram.csproj", "{5AFDFA98-AD99-4EB0-B311-3C8BE344956E}"
EndProject
Global
	GlobalSection(SolutionConfigurationPlatforms) = preSolution
		Debug|Any CPU = Debug|Any CPU
		Release|Any CPU = Release|Any CPU
	EndGlobalSection
	GlobalSection(ProjectConfigurationPlatforms) = postSolution
		{5AFDFA98-AD99-4EB0-B311-3C8BE344956E}.Debug|Any CPU.ActiveCfg = Debug|Any CPU
		{5AFDFA98-AD99-4EB0-B311-3C8BE344956E}.Debug|Any CPU.Build.0 = Debug|Any CPU
		{5AFDFA98-AD99-4EB0-B311-3C8BE344956E}.Release|Any CPU.ActiveCfg = Release|Any CPU
		{5AFDFA98-AD99-4EB0-B311-3C8BE344956E}.Release|Any CPU.Build.0 = Release|Any CPU
	EndGlobalSection
	GlobalSection(SolutionProperties) = preSolution
		HideSolutionNode = FALSE
	EndGlobalSection
	GlobalSection(ExtensibilityGlobals) = postSolution
		SolutionGuid = {D9DB9776-1F23-4AF5-9DF3-7A4602D2618A}
	EndGlobalSection
EndGlobal
