
Microsoft Visual Studio Solution File, Format Version 12.00
# Visual Studio Version 16
VisualStudioVersion = 16.0.32802.440
MinimumVisualStudioVersion = 10.0.40219.1
Project("{FAE04EC0-301F-11D3-BF4B-00C04F79EFBC}") = "tryCatchsub2", "tryCatchsub2\tryCatchsub2.csproj", "{9246EA4C-6863-43BE-847F-CCF4216E0D44}"
EndProject
Global
	GlobalSection(SolutionConfigurationPlatforms) = preSolution
		Debug|Any CPU = Debug|Any CPU
		Release|Any CPU = Release|Any CPU
	EndGlobalSection
	GlobalSection(ProjectConfigurationPlatforms) = postSolution
		{9246EA4C-6863-43BE-847F-CCF4216E0D44}.Debug|Any CPU.ActiveCfg = Debug|Any CPU
		{9246EA4C-6863-43BE-847F-CCF4216E0D44}.Debug|Any CPU.Build.0 = Debug|Any CPU
		{9246EA4C-6863-43BE-847F-CCF4216E0D44}.Release|Any CPU.ActiveCfg = Release|Any CPU
		{9246EA4C-6863-43BE-847F-CCF4216E0D44}.Release|Any CPU.Build.0 = Release|Any CPU
	EndGlobalSection
	GlobalSection(SolutionProperties) = preSolution
		HideSolutionNode = FALSE
	EndGlobalSection
	GlobalSection(ExtensibilityGlobals) = postSolution
		SolutionGuid = {4D6D0685-7F3B-410C-A20D-E35D3BA95591}
	EndGlobalSection
EndGlobal
