
Microsoft Visual Studio Solution File, Format Version 12.00
# Visual Studio Version 16
VisualStudioVersion = 16.0.32802.440
MinimumVisualStudioVersion = 10.0.40219.1
Project("{FAE04EC0-301F-11D3-BF4B-00C04F79EFBC}") = "TwentyoneExample2", "TwentyoneExample2\TwentyoneExample2.csproj", "{8F875497-101C-479D-BD9B-82498DBE45D9}"
EndProject
Project("{FAE04EC0-301F-11D3-BF4B-00C04F79EFBC}") = "Casino", "Casino\Casino.csproj", "{B61B55FC-3D63-421E-ABED-273D6A15B783}"
EndProject
Global
	GlobalSection(SolutionConfigurationPlatforms) = preSolution
		Debug|Any CPU = Debug|Any CPU
		Release|Any CPU = Release|Any CPU
	EndGlobalSection
	GlobalSection(ProjectConfigurationPlatforms) = postSolution
		{8F875497-101C-479D-BD9B-82498DBE45D9}.Debug|Any CPU.ActiveCfg = Debug|Any CPU
		{8F875497-101C-479D-BD9B-82498DBE45D9}.Debug|Any CPU.Build.0 = Debug|Any CPU
		{8F875497-101C-479D-BD9B-82498DBE45D9}.Release|Any CPU.ActiveCfg = Release|Any CPU
		{8F875497-101C-479D-BD9B-82498DBE45D9}.Release|Any CPU.Build.0 = Release|Any CPU
		{B61B55FC-3D63-421E-ABED-273D6A15B783}.Debug|Any CPU.ActiveCfg = Debug|Any CPU
		{B61B55FC-3D63-421E-ABED-273D6A15B783}.Debug|Any CPU.Build.0 = Debug|Any CPU
		{B61B55FC-3D63-421E-ABED-273D6A15B783}.Release|Any CPU.ActiveCfg = Release|Any CPU
		{B61B55FC-3D63-421E-ABED-273D6A15B783}.Release|Any CPU.Build.0 = Release|Any CPU
	EndGlobalSection
	GlobalSection(SolutionProperties) = preSolution
		HideSolutionNode = FALSE
	EndGlobalSection
	GlobalSection(ExtensibilityGlobals) = postSolution
		SolutionGuid = {CAB04549-8D37-4B64-9B9D-20351F6C8E67}
	EndGlobalSection
EndGlobal
